
Microsoft Visual Studio Solution File, Format Version 12.00
# Visual Studio Version 16
VisualStudioVersion = 16.0.31129.286
MinimumVisualStudioVersion = 10.0.40219.1
Project("{FAE04EC0-301F-11D3-BF4B-00C04F79EFBC}") = "Module2HW2", "Module2HW2.csproj", "{70BCCD2C-D070-43CF-8E3E-8FEC9F2DAABB}"
EndProject
Global
	GlobalSection(SolutionConfigurationPlatforms) = preSolution
		Debug|Any CPU = Debug|Any CPU
		Release|Any CPU = Release|Any CPU
	EndGlobalSection
	GlobalSection(ProjectConfigurationPlatforms) = postSolution
		{70BCCD2C-D070-43CF-8E3E-8FEC9F2DAABB}.Debug|Any CPU.ActiveCfg = Debug|Any CPU
		{70BCCD2C-D070-43CF-8E3E-8FEC9F2DAABB}.Debug|Any CPU.Build.0 = Debug|Any CPU
		{70BCCD2C-D070-43CF-8E3E-8FEC9F2DAABB}.Release|Any CPU.ActiveCfg = Release|Any CPU
		{70BCCD2C-D070-43CF-8E3E-8FEC9F2DAABB}.Release|Any CPU.Build.0 = Release|Any CPU
	EndGlobalSection
	GlobalSection(SolutionProperties) = preSolution
		HideSolutionNode = FALSE
	EndGlobalSection
	GlobalSection(ExtensibilityGlobals) = postSolution
		SolutionGuid = {5B171E19-9706-4D82-916E-03357E094D4F}
	EndGlobalSection
EndGlobal
